
Microsoft Visual Studio Solution File, Format Version 12.00
# Visual Studio Version 16
VisualStudioVersion = 16.0.29728.190
MinimumVisualStudioVersion = 10.0.40219.1
Project("{FAE04EC0-301F-11D3-BF4B-00C04F79EFBC}") = "ProjectExoduS", "ProjectExoduS.csproj", "{F5465812-77BD-4618-BC84-9A9149CA7CD3}"
EndProject
Global
	GlobalSection(SolutionConfigurationPlatforms) = preSolution
		Debug|Any CPU = Debug|Any CPU
		Release|Any CPU = Release|Any CPU
	EndGlobalSection
	GlobalSection(ProjectConfigurationPlatforms) = postSolution
		{F5465812-77BD-4618-BC84-9A9149CA7CD3}.Debug|Any CPU.ActiveCfg = Debug|Any CPU
		{F5465812-77BD-4618-BC84-9A9149CA7CD3}.Debug|Any CPU.Build.0 = Debug|Any CPU
		{F5465812-77BD-4618-BC84-9A9149CA7CD3}.Release|Any CPU.ActiveCfg = Release|Any CPU
		{F5465812-77BD-4618-BC84-9A9149CA7CD3}.Release|Any CPU.Build.0 = Release|Any CPU
	EndGlobalSection
	GlobalSection(SolutionProperties) = preSolution
		HideSolutionNode = FALSE
	EndGlobalSection
	GlobalSection(ExtensibilityGlobals) = postSolution
		SolutionGuid = {5E3FAAE2-820C-4038-AF77-33CAF17A316D}
	EndGlobalSection
EndGlobal
